{
    "name": "tsconfig-extends-symbolic",
    "version": "1.0.0",
    "lockfileVersion": 3,
    "requires": true,
    "packages": {
        "": {
            "name": "tsconfig-extends-symbolic",
            "version": "1.0.0",
            "license": "ISC",
            "devDependencies": {
                "@types/node": "^20.3.3",
                "@yutengjing/tsconfig-node": "^0.0.2",
                "typescript": "^5.1.6"
            }
        },
        "node_modules/@types/node": {
            "version": "20.3.3",
            "resolved": "https://registry.npmmirror.com/@types/node/-/node-20.3.3.tgz",
            "integrity": "sha512-wheIYdr4NYML61AjC8MKj/2jrR/kDQri/CIpVoZwldwhnIrD/j9jIU5bJ8yBKuB2VhpFV7Ab6G2XkBjv9r9Zzw==",
            "dev": true
        },
        "node_modules/@yutengjing/tsconfig-base": {
            "version": "0.0.2",
            "resolved": "https://registry.npmmirror.com/@yutengjing/tsconfig-base/-/tsconfig-base-0.0.2.tgz",
            "integrity": "sha512-SKNZiEAYvr2TEgRhnWGUMZeTFqOAxulFcQQdH975S35fUfihlRErzbh2Rmi7qoShN2Wlw+PFrwOwNT5j6VdKXg==",
            "dev": true
        },
        "node_modules/@yutengjing/tsconfig-node": {
            "version": "0.0.2",
            "resolved": "https://registry.npmmirror.com/@yutengjing/tsconfig-node/-/tsconfig-node-0.0.2.tgz",
            "integrity": "sha512-BDTYZVdz4sAb4FZsmAJUTWJMrpVXmvz1emVs4yqUPmE/9JEGwE6DnvtakHSKW4hXxHM5T8xIZItmhWto4jm2+g==",
            "dev": true,
            "dependencies": {
                "@yutengjing/tsconfig-base": "0.0.2"
            },
            "peerDependencies": {
                "@types/node": "^18.16.18"
            }
        },
        "node_modules/typescript": {
            "version": "5.1.6",
            "resolved": "https://registry.npmmirror.com/typescript/-/typescript-5.1.6.tgz",
            "integrity": "sha512-zaWCozRZ6DLEWAWFrVDz1H6FVXzUSfTy5FUMWsQlU8Ym5JP9eO4xkTIROFCQvhQf61z6O/G6ugw3SgAnvvm+HA==",
            "dev": true,
            "bin": {
                "tsc": "bin/tsc",
                "tsserver": "bin/tsserver"
            },
            "engines": {
                "node": ">=14.17"
            }
        }
    }
}
